// !$*UTF8*$!
{
	archiveVersion = 1;
	classes = {
	};
	objectVersion = 46;
	objects = {

/* Begin PBXBuildFile section */
		15041C431E5E362E002DEEE4 /* AppDelegate.swift in Sources */ = {isa = PBXBuildFile; fileRef = 15041C421E5E362E002DEEE4 /* AppDelegate.swift */; };
		15041C451E5E362E002DEEE4 /* ViewController.swift in Sources */ = {isa = PBXBuildFile; fileRef = 15041C441E5E362E002DEEE4 /* ViewController.swift */; };
		15041C481E5E362E002DEEE4 /* Main.storyboard in Resources */ = {isa = PBXBuildFile; fileRef = 15041C461E5E362E002DEEE4 /* Main.storyboard */; };
		15041C4A1E5E362E002DEEE4 /* Assets.xcassets in Resources */ = {isa = PBXBuildFile; fileRef = 15041C491E5E362E002DEEE4 /* Assets.xcassets */; };
		15041C4D1E5E362E002DEEE4 /* LaunchScreen.storyboard in Resources */ = {isa = PBXBuildFile; fileRef = 15041C4B1E5E362E002DEEE4 /* LaunchScreen.storyboard */; };
		F4E82CDA979BF030F16D1AB6 /* Pods_Learn_and_Master_RxSwift.framework in Frameworks */ = {isa = PBXBuildFile; fileRef = 187C3F69C54E813484D810FF /* Pods_Learn_and_Master_RxSwift.framework */; };
/* End PBXBuildFile section */

/* Begin PBXFileReference section */
		15041C3F1E5E362E002DEEE4 /* Learn-and-Master-RxSwift.app */ = {isa = PBXFileReference; explicitFileType = wrapper.application; includeInIndex = 0; path = "Learn-and-Master-RxSwift.app"; sourceTree = BUILT_PRODUCTS_DIR; };
		15041C421E5E362E002DEEE4 /* AppDelegate.swift */ = {isa = PBXFileReference; lastKnownFileType = sourcecode.swift; path = AppDelegate.swift; sourceTree = "<group>"; };
		15041C441E5E362E002DEEE4 /* ViewController.swift */ = {isa = PBXFileReference; lastKnownFileType = sourcecode.swift; path = ViewController.swift; sourceTree = "<group>"; };
		15041C471E5E362E002DEEE4 /* Base */ = {isa = PBXFileReference; lastKnownFileType = file.storyboard; name = Base; path = Base.lproj/Main.storyboard; sourceTree = "<group>"; };
		15041C491E5E362E002DEEE4 /* Assets.xcassets */ = {isa = PBXFileReference; lastKnownFileType = folder.assetcatalog; path = Assets.xcassets; sourceTree = "<group>"; };
		15041C4C1E5E362E002DEEE4 /* Base */ = {isa = PBXFileReference; lastKnownFileType = file.storyboard; name = Base; path = Base.lproj/LaunchScreen.storyboard; sourceTree = "<group>"; };
		15041C4E1E5E362E002DEEE4 /* Info.plist */ = {isa = PBXFileReference; lastKnownFileType = text.plist.xml; path = Info.plist; sourceTree = "<group>"; };
		15041C541E5E3677002DEEE4 /* README.md */ = {isa = PBXFileReference; lastKnownFileType = net.daringfireball.markdown; name = README.md; path = ../README.md; sourceTree = "<group>"; };
		15041C571E5E3B5F002DEEE4 /* LearnAndMaster.playground */ = {isa = PBXFileReference; lastKnownFileType = file.playground; path = LearnAndMaster.playground; sourceTree = "<group>"; };
		187C3F69C54E813484D810FF /* Pods_Learn_and_Master_RxSwift.framework */ = {isa = PBXFileReference; explicitFileType = wrapper.framework; includeInIndex = 0; path = Pods_Learn_and_Master_RxSwift.framework; sourceTree = BUILT_PRODUCTS_DIR; };
		62BB3237EBB68BE0A5C8ADD6 /* Pods-Learn-and-Master-RxSwift.debug.xcconfig */ = {isa = PBXFileReference; includeInIndex = 1; lastKnownFileType = text.xcconfig; name = "Pods-Learn-and-Master-RxSwift.debug.xcconfig"; path = "Pods/Target Support Files/Pods-Learn-and-Master-RxSwift/Pods-Learn-and-Master-RxSwift.debug.xcconfig"; sourceTree = "<group>"; };
		AB04EEB2423ECD23CCC98BD0 /* Pods-Learn-and-Master-RxSwift.release.xcconfig */ = {isa = PBXFileReference; includeInIndex = 1; lastKnownFileType = text.xcconfig; name = "Pods-Learn-and-Master-RxSwift.release.xcconfig"; path = "Pods/Target Support Files/Pods-Learn-and-Master-RxSwift/Pods-Learn-and-Master-RxSwift.release.xcconfig"; sourceTree = "<group>"; };
/* End PBXFileReference section */

/* Begin PBXFrameworksBuildPhase section */
		15041C3C1E5E362E002DEEE4 /* Frameworks */ = {
			isa = PBXFrameworksBuildPhase;
			buildActionMask = 2147483647;
			files = (
				F4E82CDA979BF030F16D1AB6 /* Pods_Learn_and_Master_RxSwift.framework in Frameworks */,
			);
			runOnlyForDeploymentPostprocessing = 0;
		};
/* End PBXFrameworksBuildPhase section */

/* Begin PBXGroup section */
		15041C361E5E362E002DEEE4 = {
			isa = PBXGroup;
			children = (
				15041C541E5E3677002DEEE4 /* README.md */,
				15041C411E5E362E002DEEE4 /* Learn-and-Master-RxSwift */,
				15041C401E5E362E002DEEE4 /* Products */,
				8A55137CBED6FE686E268290 /* Pods */,
				F7D8D1032CACADF17B169DA6 /* Frameworks */,
			);
			sourceTree = "<group>";
		};
		15041C401E5E362E002DEEE4 /* Products */ = {
			isa = PBXGroup;
			children = (
				15041C3F1E5E362E002DEEE4 /* Learn-and-Master-RxSwift.app */,
			);
			name = Products;
			sourceTree = "<group>";
		};
		15041C411E5E362E002DEEE4 /* Learn-and-Master-RxSwift */ = {
			isa = PBXGroup;
			children = (
				15041C571E5E3B5F002DEEE4 /* LearnAndMaster.playground */,
				15041C421E5E362E002DEEE4 /* AppDelegate.swift */,
				15041C441E5E362E002DEEE4 /* ViewController.swift */,
				15041C461E5E362E002DEEE4 /* Main.storyboard */,
				15041C491E5E362E002DEEE4 /* Assets.xcassets */,
				15041C4B1E5E362E002DEEE4 /* LaunchScreen.storyboard */,
				15041C4E1E5E362E002DEEE4 /* Info.plist */,
			);
			path = "Learn-and-Master-RxSwift";
			sourceTree = "<group>";
		};
		8A55137CBED6FE686E268290 /* Pods */ = {
			isa = PBXGroup;
			children = (
				62BB3237EBB68BE0A5C8ADD6 /* Pods-Learn-and-Master-RxSwift.debug.xcconfig */,
				AB04EEB2423ECD23CCC98BD0 /* Pods-Learn-and-Master-RxSwift.release.xcconfig */,
			);
			name = Pods;
			sourceTree = "<group>";
		};
		F7D8D1032CACADF17B169DA6 /* Frameworks */ = {
			isa = PBXGroup;
			children = (
				187C3F69C54E813484D810FF /* Pods_Learn_and_Master_RxSwift.framework */,
			);
			name = Frameworks;
			sourceTree = "<group>";
		};
/* End PBXGroup section */

/* Begin PBXNativeTarget section */
		15041C3E1E5E362E002DEEE4 /* Learn-and-Master-RxSwift */ = {
			isa = PBXNativeTarget;
			buildConfigurationList = 15041C511E5E362E002DEEE4 /* Build configuration list for PBXNativeTarget "Learn-and-Master-RxSwift" */;
			buildPhases = (
				E247397CD2E4C309E4BB3ABA /* [CP] Check Pods Manifest.lock */,
				15041C3B1E5E362E002DEEE4 /* Sources */,
				15041C3C1E5E362E002DEEE4 /* Frameworks */,
				15041C3D1E5E362E002DEEE4 /* Resources */,
				DAC166484C6043F84514885B /* [CP] Embed Pods Frameworks */,
				99E9E81ED669ADAFE6D3D710 /* [CP] Copy Pods Resources */,
			);
			buildRules = (
			);
			dependencies = (
			);
			name = "Learn-and-Master-RxSwift";
			productName = "Learn-and-Master-RxSwift";
			productReference = 15041C3F1E5E362E002DEEE4 /* Learn-and-Master-RxSwift.app */;
			productType = "com.apple.product-type.application";
		};
/* End PBXNativeTarget section */

/* Begin PBXProject section */
		15041C371E5E362E002DEEE4 /* Project object */ = {
			isa = PBXProject;
			attributes = {
				LastSwiftUpdateCheck = 0820;
				LastUpgradeCheck = 0820;
				ORGANIZATIONNAME = "Sebastian Boldt";
				TargetAttributes = {
					15041C3E1E5E362E002DEEE4 = {
						CreatedOnToolsVersion = 8.2.1;
						DevelopmentTeam = JY9STJR6M4;
						ProvisioningStyle = Automatic;
					};
				};
			};
			buildConfigurationList = 15041C3A1E5E362E002DEEE4 /* Build configuration list for PBXProject "Learn-and-Master-RxSwift" */;
			compatibilityVersion = "Xcode 3.2";
			developmentRegion = English;
			hasScannedForEncodings = 0;
			knownRegions = (
				en,
				Base,
			);
			mainGroup = 15041C361E5E362E002DEEE4;
			productRefGroup = 15041C401E5E362E002DEEE4 /* Products */;
			projectDirPath = "";
			projectRoot = "";
			targets = (
				15041C3E1E5E362E002DEEE4 /* Learn-and-Master-RxSwift */,
			);
		};
/* End PBXProject section */

/* Begin PBXResourcesBuildPhase section */
		15041C3D1E5E362E002DEEE4 /* Resources */ = {
			isa = PBXResourcesBuildPhase;
			buildActionMask = 2147483647;
			files = (
				15041C4D1E5E362E002DEEE4 /* LaunchScreen.storyboard in Resources */,
				15041C4A1E5E362E002DEEE4 /* Assets.xcassets in Resources */,
				15041C481E5E362E002DEEE4 /* Main.storyboard in Resources */,
			);
			runOnlyForDeploymentPostprocessing = 0;
		};
/* End PBXResourcesBuildPhase section */

/* Begin PBXShellScriptBuildPhase section */
		99E9E81ED669ADAFE6D3D710 /* [CP] Copy Pods Resources */ = {
			isa = PBXShellScriptBuildPhase;
			buildActionMask = 2147483647;
			files = (
			);
			inputPaths = (
			);
			name = "[CP] Copy Pods Resources";
			outputPaths = (
			);
			runOnlyForDeploymentPostprocessing = 0;
			shellPath = /bin/sh;
			shellScript = "\"${SRCROOT}/Pods/Target Support Files/Pods-Learn-and-Master-RxSwift/Pods-Learn-and-Master-RxSwift-resources.sh\"\n";
			showEnvVarsInLog = 0;
		};
		DAC166484C6043F84514885B /* [CP] Embed Pods Frameworks */ = {
			isa = PBXShellScriptBuildPhase;
			buildActionMask = 2147483647;
			files = (
			);
			inputPaths = (
			);
			name = "[CP] Embed Pods Frameworks";
			outputPaths = (
			);
			runOnlyForDeploymentPostprocessing = 0;
			shellPath = /bin/sh;
			shellScript = "\"${SRCROOT}/Pods/Target Support Files/Pods-Learn-and-Master-RxSwift/Pods-Learn-and-Master-RxSwift-frameworks.sh\"\n";
			showEnvVarsInLog = 0;
		};
		E247397CD2E4C309E4BB3ABA /* [CP] Check Pods Manifest.lock */ = {
			isa = PBXShellScriptBuildPhase;
			buildActionMask = 2147483647;
			files = (
			);
			inputPaths = (
			);
			name = "[CP] Check Pods Manifest.lock";
			outputPaths = (
			);
			runOnlyForDeploymentPostprocessing = 0;
			shellPath = /bin/sh;
			shellScript = "diff \"${PODS_ROOT}/../Podfile.lock\" \"${PODS_ROOT}/Manifest.lock\" > /dev/null\nif [ $? != 0 ] ; then\n    # print error to STDERR\n    echo \"error: The sandbox is not in sync with the Podfile.lock. Run 'pod install' or update your CocoaPods installation.\" >&2\n    exit 1\nfi\n";
			showEnvVarsInLog = 0;
		};
/* End PBXShellScriptBuildPhase section */

/* Begin PBXSourcesBuildPhase section */
		15041C3B1E5E362E002DEEE4 /* Sources */ = {
			isa = PBXSourcesBuildPhase;
			buildActionMask = 2147483647;
			files = (
				15041C451E5E362E002DEEE4 /* ViewController.swift in Sources */,
				15041C431E5E362E002DEEE4 /* AppDelegate.swift in Sources */,
			);
			runOnlyForDeploymentPostprocessing = 0;
		};
/* End PBXSourcesBuildPhase section */

/* Begin PBXVariantGroup section */
		15041C461E5E362E002DEEE4 /* Main.storyboard */ = {
			isa = PBXVariantGroup;
			children = (
				15041C471E5E362E002DEEE4 /* Base */,
			);
			name = Main.storyboard;
			sourceTree = "<group>";
		};
		15041C4B1E5E362E002DEEE4 /* LaunchScreen.storyboard */ = {
			isa = PBXVariantGroup;
			children = (
				15041C4C1E5E362E002DEEE4 /* Base */,
			);
			name = LaunchScreen.storyboard;
			sourceTree = "<group>";
		};
/* End PBXVariantGroup section */

/* Begin XCBuildConfiguration section */
		15041C4F1E5E362E002DEEE4 /* Debug */ = {
			isa = XCBuildConfiguration;
			buildSettings = {
				ALWAYS_SEARCH_USER_PATHS = NO;
				CLANG_ANALYZER_NONNULL = YES;
				CLANG_CXX_LANGUAGE_STANDARD = "gnu++0x";
				CLANG_CXX_LIBRARY = "libc++";
				CLANG_ENABLE_MODULES = YES;
				CLANG_ENABLE_OBJC_ARC = YES;
				CLANG_WARN_BOOL_CONVERSION = YES;
				CLANG_WARN_CONSTANT_CONVERSION = YES;
				CLANG_WARN_DIRECT_OBJC_ISA_USAGE = YES_ERROR;
				CLANG_WARN_DOCUMENTATION_COMMENTS = YES;
				CLANG_WARN_EMPTY_BODY = YES;
				CLANG_WARN_ENUM_CONVERSION = YES;
				CLANG_WARN_INFINITE_RECURSION = YES;
				CLANG_WARN_INT_CONVERSION = YES;
				CLANG_WARN_OBJC_ROOT_CLASS = YES_ERROR;
				CLANG_WARN_SUSPICIOUS_MOVE = YES;
				CLANG_WARN_UNREACHABLE_CODE = YES;
				CLANG_WARN__DUPLICATE_METHOD_MATCH = YES;
				"CODE_SIGN_IDENTITY[sdk=iphoneos*]" = "iPhone Developer";
				COPY_PHASE_STRIP = NO;
				DEBUG_INFORMATION_FORMAT = dwarf;
				ENABLE_STRICT_OBJC_MSGSEND = YES;
				ENABLE_TESTABILITY = YES;
				GCC_C_LANGUAGE_STANDARD = gnu99;
				GCC_DYNAMIC_NO_PIC = NO;
				GCC_NO_COMMON_BLOCKS = YES;
				GCC_OPTIMIZATION_LEVEL = 0;
				GCC_PREPROCESSOR_DEFINITIONS = (
					"DEBUG=1",
					"$(inherited)",
				);
				GCC_WARN_64_TO_32_BIT_CONVERSION = YES;
				GCC_WARN_ABOUT_RETURN_TYPE = YES_ERROR;
				GCC_WARN_UNDECLARED_SELECTOR = YES;
				GCC_WARN_UNINITIALIZED_AUTOS = YES_AGGRESSIVE;
				GCC_WARN_UNUSED_FUNCTION = YES;
				GCC_WARN_UNUSED_VARIABLE = YES;
				IPHONEOS_DEPLOYMENT_TARGET = 10.2;
				MTL_ENABLE_DEBUG_INFO = YES;
				ONLY_ACTIVE_ARCH = YES;
				SDKROOT = iphoneos;
				SWIFT_ACTIVE_COMPILATION_CONDITIONS = DEBUG;
				SWIFT_OPTIMIZATION_LEVEL = "-Onone";
			};
			name = Debug;
		};
		15041C501E5E362E002DEEE4 /* Release */ = {
			isa = XCBuildConfiguration;
			buildSettings = {
				ALWAYS_SEARCH_USER_PATHS = NO;
				CLANG_ANALYZER_NONNULL = YES;
				CLANG_CXX_LANGUAGE_STANDARD = "gnu++0x";
				CLANG_CXX_LIBRARY = "libc++";
				CLANG_ENABLE_MODULES = YES;
				CLANG_ENABLE_OBJC_ARC = YES;
				CLANG_WARN_BOOL_CONVERSION = YES;
				CLANG_WARN_CONSTANT_CONVERSION = YES;
				CLANG_WARN_DIRECT_OBJC_ISA_USAGE = YES_ERROR;
				CLANG_WARN_DOCUMENTATION_COMMENTS = YES;
				CLANG_WARN_EMPTY_BODY = YES;
				CLANG_WARN_ENUM_CONVERSION = YES;
				CLANG_WARN_INFINITE_RECURSION = YES;
				CLANG_WARN_INT_CONVERSION = YES;
				CLANG_WARN_OBJC_ROOT_CLASS = YES_ERROR;
				CLANG_WARN_SUSPICIOUS_MOVE = YES;
				CLANG_WARN_UNREACHABLE_CODE = YES;
				CLANG_WARN__DUPLICATE_METHOD_MATCH = YES;
				"CODE_SIGN_IDENTITY[sdk=iphoneos*]" = "iPhone Developer";
				COPY_PHASE_STRIP = NO;
				DEBUG_INFORMATION_FORMAT = "dwarf-with-dsym";
				ENABLE_NS_ASSERTIONS = NO;
				ENABLE_STRICT_OBJC_MSGSEND = YES;
				GCC_C_LANGUAGE_STANDARD = gnu99;
				GCC_NO_COMMON_BLOCKS = YES;
				GCC_WARN_64_TO_32_BIT_CONVERSION = YES;
				GCC_WARN_ABOUT_RETURN_TYPE = YES_ERROR;
				GCC_WARN_UNDECLARED_SELECTOR = YES;
				GCC_WARN_UNINITIALIZED_AUTOS = YES_AGGRESSIVE;
				GCC_WARN_UNUSED_FUNCTION = YES;
				GCC_WARN_UNUSED_VARIABLE = YES;
				IPHONEOS_DEPLOYMENT_TARGET = 10.2;
				MTL_ENABLE_DEBUG_INFO = NO;
				SDKROOT = iphoneos;
				SWIFT_OPTIMIZATION_LEVEL = "-Owholemodule";
				VALIDATE_PRODUCT = YES;
			};
			name = Release;
		};
		15041C521E5E362E002DEEE4 /* Debug */ = {
			isa = XCBuildConfiguration;
			baseConfigurationReference = 62BB3237EBB68BE0A5C8ADD6 /* Pods-Learn-and-Master-RxSwift.debug.xcconfig */;
			buildSettings = {
				ASSETCATALOG_COMPILER_APPICON_NAME = AppIcon;
				DEVELOPMENT_TEAM = JY9STJR6M4;
				INFOPLIST_FILE = "Learn-and-Master-RxSwift/Info.plist";
				LD_RUNPATH_SEARCH_PATHS = "$(inherited) @executable_path/Frameworks";
				PRODUCT_BUNDLE_IDENTIFIER = "com.sebastianboldt.Learn-and-Master-RxSwift";
				PRODUCT_NAME = "$(TARGET_NAME)";
				SWIFT_VERSION = 3.0;
			};
			name = Debug;
		};
		15041C531E5E362E002DEEE4 /* Release */ = {
			isa = XCBuildConfiguration;
			baseConfigurationReference = AB04EEB2423ECD23CCC98BD0 /* Pods-Learn-and-Master-RxSwift.release.xcconfig */;
			buildSettings = {
				ASSETCATALOG_COMPILER_APPICON_NAME = AppIcon;
				DEVELOPMENT_TEAM = JY9STJR6M4;
				INFOPLIST_FILE = "Learn-and-Master-RxSwift/Info.plist";
				LD_RUNPATH_SEARCH_PATHS = "$(inherited) @executable_path/Frameworks";
				PRODUCT_BUNDLE_IDENTIFIER = "com.sebastianboldt.Learn-and-Master-RxSwift";
				PRODUCT_NAME = "$(TARGET_NAME)";
				SWIFT_VERSION = 3.0;
			};
			name = Release;
		};
/* End XCBuildConfiguration section */

/* Begin XCConfigurationList section */
		15041C3A1E5E362E002DEEE4 /* Build configuration list for PBXProject "Learn-and-Master-RxSwift" */ = {
			isa = XCConfigurationList;
			buildConfigurations = (
				15041C4F1E5E362E002DEEE4 /* Debug */,
				15041C501E5E362E002DEEE4 /* Release */,
			);
			defaultConfigurationIsVisible = 0;
			defaultConfigurationName = Release;
		};
		15041C511E5E362E002DEEE4 /* Build configuration list for PBXNativeTarget "Learn-and-Master-RxSwift" */ = {
			isa = XCConfigurationList;
			buildConfigurations = (
				15041C521E5E362E002DEEE4 /* Debug */,
				15041C531E5E362E002DEEE4 /* Release */,
			);
			defaultConfigurationIsVisible = 0;
			defaultConfigurationName = Release;
		};
/* End XCConfigurationList section */
	};
	rootObject = 15041C371E5E362E002DEEE4 /* Project object */;
}
